
Microsoft Visual Studio Solution File, Format Version 12.00
# Visual Studio Version 17
VisualStudioVersion = 17.1.32421.90
MinimumVisualStudioVersion = 10.0.40219.1
Project("{FAE04EC0-301F-11D3-BF4B-00C04F79EFBC}") = "csharp-eccezioni", "csharp-eccezioni.csproj", "{22B0BEB0-3C0A-4AB0-8EDB-6B0A584B8DAA}"
EndProject
Global
	GlobalSection(SolutionConfigurationPlatforms) = preSolution
		Debug|Any CPU = Debug|Any CPU
		Release|Any CPU = Release|Any CPU
	EndGlobalSection
	GlobalSection(ProjectConfigurationPlatforms) = postSolution
		{22B0BEB0-3C0A-4AB0-8EDB-6B0A584B8DAA}.Debug|Any CPU.ActiveCfg = Debug|Any CPU
		{22B0BEB0-3C0A-4AB0-8EDB-6B0A584B8DAA}.Debug|Any CPU.Build.0 = Debug|Any CPU
		{22B0BEB0-3C0A-4AB0-8EDB-6B0A584B8DAA}.Release|Any CPU.ActiveCfg = Release|Any CPU
		{22B0BEB0-3C0A-4AB0-8EDB-6B0A584B8DAA}.Release|Any CPU.Build.0 = Release|Any CPU
	EndGlobalSection
	GlobalSection(SolutionProperties) = preSolution
		HideSolutionNode = FALSE
	EndGlobalSection
	GlobalSection(ExtensibilityGlobals) = postSolution
		SolutionGuid = {9B321263-2326-4649-9766-9FC785F2EEF9}
	EndGlobalSection
EndGlobal
